
Microsoft Visual Studio Solution File, Format Version 12.00
# Visual Studio Version 16
VisualStudioVersion = 16.0.29215.179
MinimumVisualStudioVersion = 10.0.40219.1
Project("{9A19103F-16F7-4668-BE54-9A1E7A4F7556}") = "CheckLinksConsole", "CheckLinksConsole.csproj", "{8F077E5F-39F4-4BA5-A5EA-EA433EDEAC78}"
EndProject
Global
	GlobalSection(SolutionConfigurationPlatforms) = preSolution
		Debug|Any CPU = Debug|Any CPU
		Release|Any CPU = Release|Any CPU
	EndGlobalSection
	GlobalSection(ProjectConfigurationPlatforms) = postSolution
		{8F077E5F-39F4-4BA5-A5EA-EA433EDEAC78}.Debug|Any CPU.ActiveCfg = Debug|Any CPU
		{8F077E5F-39F4-4BA5-A5EA-EA433EDEAC78}.Debug|Any CPU.Build.0 = Debug|Any CPU
		{8F077E5F-39F4-4BA5-A5EA-EA433EDEAC78}.Release|Any CPU.ActiveCfg = Release|Any CPU
		{8F077E5F-39F4-4BA5-A5EA-EA433EDEAC78}.Release|Any CPU.Build.0 = Release|Any CPU
	EndGlobalSection
	GlobalSection(SolutionProperties) = preSolution
		HideSolutionNode = FALSE
	EndGlobalSection
	GlobalSection(ExtensibilityGlobals) = postSolution
		SolutionGuid = {AEF2C7F4-489C-48B7-88CC-87EAFE020FB6}
	EndGlobalSection
EndGlobal
